
Microsoft Visual Studio Solution File, Format Version 12.00
# Visual Studio Version 16
VisualStudioVersion = 16.0.31402.337
MinimumVisualStudioVersion = 10.0.40219.1
Project("{FAE04EC0-301F-11D3-BF4B-00C04F79EFBC}") = "Caching", "Caching.csproj", "{7CA784D2-0E8B-4E90-8C7E-80BCF8164D82}"
EndProject
Global
	GlobalSection(SolutionConfigurationPlatforms) = preSolution
		Debug|Any CPU = Debug|Any CPU
		Release|Any CPU = Release|Any CPU
	EndGlobalSection
	GlobalSection(ProjectConfigurationPlatforms) = postSolution
		{7CA784D2-0E8B-4E90-8C7E-80BCF8164D82}.Debug|Any CPU.ActiveCfg = Debug|Any CPU
		{7CA784D2-0E8B-4E90-8C7E-80BCF8164D82}.Debug|Any CPU.Build.0 = Debug|Any CPU
		{7CA784D2-0E8B-4E90-8C7E-80BCF8164D82}.Release|Any CPU.ActiveCfg = Release|Any CPU
		{7CA784D2-0E8B-4E90-8C7E-80BCF8164D82}.Release|Any CPU.Build.0 = Release|Any CPU
	EndGlobalSection
	GlobalSection(SolutionProperties) = preSolution
		HideSolutionNode = FALSE
	EndGlobalSection
	GlobalSection(ExtensibilityGlobals) = postSolution
		SolutionGuid = {C00FB407-C063-45E2-AFE9-8AB4CC50AA76}
	EndGlobalSection
EndGlobal
